
Microsoft Visual Studio Solution File, Format Version 12.00
# Visual Studio Version 17
VisualStudioVersion = 17.0.31611.283
MinimumVisualStudioVersion = 10.0.40219.1
Project("{9A19103F-16F7-4668-BE54-9A1E7A4F7556}") = "LIN", "LIN\LIN.csproj", "{E9922A11-751E-4588-A88A-EBDE80FAA616}"
EndProject
Project("{9A19103F-16F7-4668-BE54-9A1E7A4F7556}") = "LIN.React", "LIN.Reactive\LIN.React.csproj", "{DE61183E-05DA-4911-BE20-29A38AF20749}"
EndProject
Project("{9A19103F-16F7-4668-BE54-9A1E7A4F7556}") = "LIN.LocalDataBase", "LIN.LocalDataBase\LIN.LocalDataBase.csproj", "{1A90F84E-893D-454E-9FDA-A2AED22EA961}"
EndProject
Project("{9A19103F-16F7-4668-BE54-9A1E7A4F7556}") = "LIN.Controls", "LIN.Controls\LIN.Controls.csproj", "{0BCDCC40-7326-4CC7-B066-F6D8DEAE136A}"
EndProject
Project("{9A19103F-16F7-4668-BE54-9A1E7A4F7556}") = "SILF.Script", "..\..\SILFScript\SILF.Script\SILF.Script\SILF.Script.csproj", "{4DBCF948-44E2-4D93-A121-038977612A20}"
EndProject
Project("{9A19103F-16F7-4668-BE54-9A1E7A4F7556}") = "LIN.Types", "..\..\Tipos\LIN.Types\LIN.Types.csproj", "{62EFEC57-7E2C-41BA-B551-88BD88E2D1A5}"
EndProject
Project("{9A19103F-16F7-4668-BE54-9A1E7A4F7556}") = "LIN.Types.Inventory", "..\..\Tipos\LIN.Types.Inventory\LIN.Types.Inventory.csproj", "{93F1161C-7D24-4B46-B412-8802C5369212}"
EndProject
Project("{FAE04EC0-301F-11D3-BF4B-00C04F79EFBC}") = "LIN.Access.Inventory", "..\..\AccesoAPI\LIN.Access.Inventory\LIN.Access.Inventory.csproj", "{13A2E241-254C-4E2C-9E2B-87C11D87C3A7}"
EndProject
Project("{9A19103F-16F7-4668-BE54-9A1E7A4F7556}") = "LIN.Modules", "..\..\Tipos\LIN.Modules\LIN.Modules.csproj", "{21479039-D839-4B9F-87E5-310DDECE97B1}"
EndProject
Project("{9A19103F-16F7-4668-BE54-9A1E7A4F7556}") = "LIN.Types.Auth", "..\..\Tipos\LIN.Types.Auth\LIN.Types.Auth.csproj", "{3D78F11B-A59B-4DF3-AF69-2EB61F05168F}"
EndProject
Global
	GlobalSection(SolutionConfigurationPlatforms) = preSolution
		Debug|Any CPU = Debug|Any CPU
		Debug|ARM32 = Debug|ARM32
		Debug|x86 = Debug|x86
		Release|Any CPU = Release|Any CPU
		Release|ARM32 = Release|ARM32
		Release|x86 = Release|x86
	EndGlobalSection
	GlobalSection(ProjectConfigurationPlatforms) = postSolution
		{E9922A11-751E-4588-A88A-EBDE80FAA616}.Debug|Any CPU.ActiveCfg = Debug|Any CPU
		{E9922A11-751E-4588-A88A-EBDE80FAA616}.Debug|Any CPU.Build.0 = Debug|Any CPU
		{E9922A11-751E-4588-A88A-EBDE80FAA616}.Debug|Any CPU.Deploy.0 = Debug|Any CPU
		{E9922A11-751E-4588-A88A-EBDE80FAA616}.Debug|ARM32.ActiveCfg = Debug|ARM32
		{E9922A11-751E-4588-A88A-EBDE80FAA616}.Debug|ARM32.Build.0 = Debug|ARM32
		{E9922A11-751E-4588-A88A-EBDE80FAA616}.Debug|ARM32.Deploy.0 = Debug|ARM32
		{E9922A11-751E-4588-A88A-EBDE80FAA616}.Debug|x86.ActiveCfg = Debug|x86
		{E9922A11-751E-4588-A88A-EBDE80FAA616}.Debug|x86.Build.0 = Debug|x86
		{E9922A11-751E-4588-A88A-EBDE80FAA616}.Debug|x86.Deploy.0 = Debug|x86
		{E9922A11-751E-4588-A88A-EBDE80FAA616}.Release|Any CPU.ActiveCfg = Release|Any CPU
		{E9922A11-751E-4588-A88A-EBDE80FAA616}.Release|Any CPU.Build.0 = Release|Any CPU
		{E9922A11-751E-4588-A88A-EBDE80FAA616}.Release|Any CPU.Deploy.0 = Release|Any CPU
		{E9922A11-751E-4588-A88A-EBDE80FAA616}.Release|ARM32.ActiveCfg = Release|ARM32
		{E9922A11-751E-4588-A88A-EBDE80FAA616}.Release|ARM32.Build.0 = Release|ARM32
		{E9922A11-751E-4588-A88A-EBDE80FAA616}.Release|ARM32.Deploy.0 = Release|ARM32
		{E9922A11-751E-4588-A88A-EBDE80FAA616}.Release|x86.ActiveCfg = Release|x86
		{E9922A11-751E-4588-A88A-EBDE80FAA616}.Release|x86.Build.0 = Release|x86
		{E9922A11-751E-4588-A88A-EBDE80FAA616}.Release|x86.Deploy.0 = Release|x86
		{DE61183E-05DA-4911-BE20-29A38AF20749}.Debug|Any CPU.ActiveCfg = Debug|Any CPU
		{DE61183E-05DA-4911-BE20-29A38AF20749}.Debug|Any CPU.Build.0 = Debug|Any CPU
		{DE61183E-05DA-4911-BE20-29A38AF20749}.Debug|ARM32.ActiveCfg = Debug|ARM32
		{DE61183E-05DA-4911-BE20-29A38AF20749}.Debug|ARM32.Build.0 = Debug|ARM32
		{DE61183E-05DA-4911-BE20-29A38AF20749}.Debug|x86.ActiveCfg = Debug|Any CPU
		{DE61183E-05DA-4911-BE20-29A38AF20749}.Debug|x86.Build.0 = Debug|Any CPU
		{DE61183E-05DA-4911-BE20-29A38AF20749}.Release|Any CPU.ActiveCfg = Release|Any CPU
		{DE61183E-05DA-4911-BE20-29A38AF20749}.Release|Any CPU.Build.0 = Release|Any CPU
		{DE61183E-05DA-4911-BE20-29A38AF20749}.Release|ARM32.ActiveCfg = Release|ARM32
		{DE61183E-05DA-4911-BE20-29A38AF20749}.Release|ARM32.Build.0 = Release|ARM32
		{DE61183E-05DA-4911-BE20-29A38AF20749}.Release|x86.ActiveCfg = Release|Any CPU
		{DE61183E-05DA-4911-BE20-29A38AF20749}.Release|x86.Build.0 = Release|Any CPU
		{1A90F84E-893D-454E-9FDA-A2AED22EA961}.Debug|Any CPU.ActiveCfg = Debug|Any CPU
		{1A90F84E-893D-454E-9FDA-A2AED22EA961}.Debug|Any CPU.Build.0 = Debug|Any CPU
		{1A90F84E-893D-454E-9FDA-A2AED22EA961}.Debug|ARM32.ActiveCfg = Debug|ARM32
		{1A90F84E-893D-454E-9FDA-A2AED22EA961}.Debug|ARM32.Build.0 = Debug|ARM32
		{1A90F84E-893D-454E-9FDA-A2AED22EA961}.Debug|x86.ActiveCfg = Debug|Any CPU
		{1A90F84E-893D-454E-9FDA-A2AED22EA961}.Debug|x86.Build.0 = Debug|Any CPU
		{1A90F84E-893D-454E-9FDA-A2AED22EA961}.Release|Any CPU.ActiveCfg = Release|Any CPU
		{1A90F84E-893D-454E-9FDA-A2AED22EA961}.Release|Any CPU.Build.0 = Release|Any CPU
		{1A90F84E-893D-454E-9FDA-A2AED22EA961}.Release|ARM32.ActiveCfg = Release|ARM32
		{1A90F84E-893D-454E-9FDA-A2AED22EA961}.Release|ARM32.Build.0 = Release|ARM32
		{1A90F84E-893D-454E-9FDA-A2AED22EA961}.Release|x86.ActiveCfg = Release|Any CPU
		{1A90F84E-893D-454E-9FDA-A2AED22EA961}.Release|x86.Build.0 = Release|Any CPU
		{0BCDCC40-7326-4CC7-B066-F6D8DEAE136A}.Debug|Any CPU.ActiveCfg = Debug|Any CPU
		{0BCDCC40-7326-4CC7-B066-F6D8DEAE136A}.Debug|Any CPU.Build.0 = Debug|Any CPU
		{0BCDCC40-7326-4CC7-B066-F6D8DEAE136A}.Debug|ARM32.ActiveCfg = Debug|ARM32
		{0BCDCC40-7326-4CC7-B066-F6D8DEAE136A}.Debug|ARM32.Build.0 = Debug|ARM32
		{0BCDCC40-7326-4CC7-B066-F6D8DEAE136A}.Debug|x86.ActiveCfg = Debug|Any CPU
		{0BCDCC40-7326-4CC7-B066-F6D8DEAE136A}.Debug|x86.Build.0 = Debug|Any CPU
		{0BCDCC40-7326-4CC7-B066-F6D8DEAE136A}.Release|Any CPU.ActiveCfg = Release|Any CPU
		{0BCDCC40-7326-4CC7-B066-F6D8DEAE136A}.Release|Any CPU.Build.0 = Release|Any CPU
		{0BCDCC40-7326-4CC7-B066-F6D8DEAE136A}.Release|ARM32.ActiveCfg = Release|ARM32
		{0BCDCC40-7326-4CC7-B066-F6D8DEAE136A}.Release|ARM32.Build.0 = Release|ARM32
		{0BCDCC40-7326-4CC7-B066-F6D8DEAE136A}.Release|x86.ActiveCfg = Release|Any CPU
		{0BCDCC40-7326-4CC7-B066-F6D8DEAE136A}.Release|x86.Build.0 = Release|Any CPU
		{4DBCF948-44E2-4D93-A121-038977612A20}.Debug|Any CPU.ActiveCfg = Debug|Any CPU
		{4DBCF948-44E2-4D93-A121-038977612A20}.Debug|Any CPU.Build.0 = Debug|Any CPU
		{4DBCF948-44E2-4D93-A121-038977612A20}.Debug|ARM32.ActiveCfg = Debug|Any CPU
		{4DBCF948-44E2-4D93-A121-038977612A20}.Debug|ARM32.Build.0 = Debug|Any CPU
		{4DBCF948-44E2-4D93-A121-038977612A20}.Debug|x86.ActiveCfg = Debug|Any CPU
		{4DBCF948-44E2-4D93-A121-038977612A20}.Debug|x86.Build.0 = Debug|Any CPU
		{4DBCF948-44E2-4D93-A121-038977612A20}.Release|Any CPU.ActiveCfg = Release|Any CPU
		{4DBCF948-44E2-4D93-A121-038977612A20}.Release|Any CPU.Build.0 = Release|Any CPU
		{4DBCF948-44E2-4D93-A121-038977612A20}.Release|ARM32.ActiveCfg = Release|Any CPU
		{4DBCF948-44E2-4D93-A121-038977612A20}.Release|ARM32.Build.0 = Release|Any CPU
		{4DBCF948-44E2-4D93-A121-038977612A20}.Release|x86.ActiveCfg = Release|Any CPU
		{4DBCF948-44E2-4D93-A121-038977612A20}.Release|x86.Build.0 = Release|Any CPU
		{62EFEC57-7E2C-41BA-B551-88BD88E2D1A5}.Debug|Any CPU.ActiveCfg = Debug|Any CPU
		{62EFEC57-7E2C-41BA-B551-88BD88E2D1A5}.Debug|Any CPU.Build.0 = Debug|Any CPU
		{62EFEC57-7E2C-41BA-B551-88BD88E2D1A5}.Debug|ARM32.ActiveCfg = Debug|Any CPU
		{62EFEC57-7E2C-41BA-B551-88BD88E2D1A5}.Debug|ARM32.Build.0 = Debug|Any CPU
		{62EFEC57-7E2C-41BA-B551-88BD88E2D1A5}.Debug|x86.ActiveCfg = Debug|Any CPU
		{62EFEC57-7E2C-41BA-B551-88BD88E2D1A5}.Debug|x86.Build.0 = Debug|Any CPU
		{62EFEC57-7E2C-41BA-B551-88BD88E2D1A5}.Release|Any CPU.ActiveCfg = Release|Any CPU
		{62EFEC57-7E2C-41BA-B551-88BD88E2D1A5}.Release|Any CPU.Build.0 = Release|Any CPU
		{62EFEC57-7E2C-41BA-B551-88BD88E2D1A5}.Release|ARM32.ActiveCfg = Release|Any CPU
		{62EFEC57-7E2C-41BA-B551-88BD88E2D1A5}.Release|ARM32.Build.0 = Release|Any CPU
		{62EFEC57-7E2C-41BA-B551-88BD88E2D1A5}.Release|x86.ActiveCfg = Release|Any CPU
		{62EFEC57-7E2C-41BA-B551-88BD88E2D1A5}.Release|x86.Build.0 = Release|Any CPU
		{93F1161C-7D24-4B46-B412-8802C5369212}.Debug|Any CPU.ActiveCfg = Debug|Any CPU
		{93F1161C-7D24-4B46-B412-8802C5369212}.Debug|Any CPU.Build.0 = Debug|Any CPU
		{93F1161C-7D24-4B46-B412-8802C5369212}.Debug|ARM32.ActiveCfg = Debug|Any CPU
		{93F1161C-7D24-4B46-B412-8802C5369212}.Debug|ARM32.Build.0 = Debug|Any CPU
		{93F1161C-7D24-4B46-B412-8802C5369212}.Debug|x86.ActiveCfg = Debug|Any CPU
		{93F1161C-7D24-4B46-B412-8802C5369212}.Debug|x86.Build.0 = Debug|Any CPU
		{93F1161C-7D24-4B46-B412-8802C5369212}.Release|Any CPU.ActiveCfg = Release|Any CPU
		{93F1161C-7D24-4B46-B412-8802C5369212}.Release|Any CPU.Build.0 = Release|Any CPU
		{93F1161C-7D24-4B46-B412-8802C5369212}.Release|ARM32.ActiveCfg = Release|Any CPU
		{93F1161C-7D24-4B46-B412-8802C5369212}.Release|ARM32.Build.0 = Release|Any CPU
		{93F1161C-7D24-4B46-B412-8802C5369212}.Release|x86.ActiveCfg = Release|Any CPU
		{93F1161C-7D24-4B46-B412-8802C5369212}.Release|x86.Build.0 = Release|Any CPU
		{13A2E241-254C-4E2C-9E2B-87C11D87C3A7}.Debug|Any CPU.ActiveCfg = Debug|Any CPU
		{13A2E241-254C-4E2C-9E2B-87C11D87C3A7}.Debug|Any CPU.Build.0 = Debug|Any CPU
		{13A2E241-254C-4E2C-9E2B-87C11D87C3A7}.Debug|ARM32.ActiveCfg = Debug|Any CPU
		{13A2E241-254C-4E2C-9E2B-87C11D87C3A7}.Debug|ARM32.Build.0 = Debug|Any CPU
		{13A2E241-254C-4E2C-9E2B-87C11D87C3A7}.Debug|x86.ActiveCfg = Debug|Any CPU
		{13A2E241-254C-4E2C-9E2B-87C11D87C3A7}.Debug|x86.Build.0 = Debug|Any CPU
		{13A2E241-254C-4E2C-9E2B-87C11D87C3A7}.Release|Any CPU.ActiveCfg = Release|Any CPU
		{13A2E241-254C-4E2C-9E2B-87C11D87C3A7}.Release|Any CPU.Build.0 = Release|Any CPU
		{13A2E241-254C-4E2C-9E2B-87C11D87C3A7}.Release|ARM32.ActiveCfg = Release|Any CPU
		{13A2E241-254C-4E2C-9E2B-87C11D87C3A7}.Release|ARM32.Build.0 = Release|Any CPU
		{13A2E241-254C-4E2C-9E2B-87C11D87C3A7}.Release|x86.ActiveCfg = Release|Any CPU
		{13A2E241-254C-4E2C-9E2B-87C11D87C3A7}.Release|x86.Build.0 = Release|Any CPU
		{21479039-D839-4B9F-87E5-310DDECE97B1}.Debug|Any CPU.ActiveCfg = Debug|Any CPU
		{21479039-D839-4B9F-87E5-310DDECE97B1}.Debug|Any CPU.Build.0 = Debug|Any CPU
		{21479039-D839-4B9F-87E5-310DDECE97B1}.Debug|ARM32.ActiveCfg = Debug|Any CPU
		{21479039-D839-4B9F-87E5-310DDECE97B1}.Debug|ARM32.Build.0 = Debug|Any CPU
		{21479039-D839-4B9F-87E5-310DDECE97B1}.Debug|x86.ActiveCfg = Debug|Any CPU
		{21479039-D839-4B9F-87E5-310DDECE97B1}.Debug|x86.Build.0 = Debug|Any CPU
		{21479039-D839-4B9F-87E5-310DDECE97B1}.Release|Any CPU.ActiveCfg = Release|Any CPU
		{21479039-D839-4B9F-87E5-310DDECE97B1}.Release|Any CPU.Build.0 = Release|Any CPU
		{21479039-D839-4B9F-87E5-310DDECE97B1}.Release|ARM32.ActiveCfg = Release|Any CPU
		{21479039-D839-4B9F-87E5-310DDECE97B1}.Release|ARM32.Build.0 = Release|Any CPU
		{21479039-D839-4B9F-87E5-310DDECE97B1}.Release|x86.ActiveCfg = Release|Any CPU
		{21479039-D839-4B9F-87E5-310DDECE97B1}.Release|x86.Build.0 = Release|Any CPU
		{3D78F11B-A59B-4DF3-AF69-2EB61F05168F}.Debug|Any CPU.ActiveCfg = Debug|Any CPU
		{3D78F11B-A59B-4DF3-AF69-2EB61F05168F}.Debug|Any CPU.Build.0 = Debug|Any CPU
		{3D78F11B-A59B-4DF3-AF69-2EB61F05168F}.Debug|ARM32.ActiveCfg = Debug|Any CPU
		{3D78F11B-A59B-4DF3-AF69-2EB61F05168F}.Debug|ARM32.Build.0 = Debug|Any CPU
		{3D78F11B-A59B-4DF3-AF69-2EB61F05168F}.Debug|x86.ActiveCfg = Debug|Any CPU
		{3D78F11B-A59B-4DF3-AF69-2EB61F05168F}.Debug|x86.Build.0 = Debug|Any CPU
		{3D78F11B-A59B-4DF3-AF69-2EB61F05168F}.Release|Any CPU.ActiveCfg = Release|Any CPU
		{3D78F11B-A59B-4DF3-AF69-2EB61F05168F}.Release|Any CPU.Build.0 = Release|Any CPU
		{3D78F11B-A59B-4DF3-AF69-2EB61F05168F}.Release|ARM32.ActiveCfg = Release|Any CPU
		{3D78F11B-A59B-4DF3-AF69-2EB61F05168F}.Release|ARM32.Build.0 = Release|Any CPU
		{3D78F11B-A59B-4DF3-AF69-2EB61F05168F}.Release|x86.ActiveCfg = Release|Any CPU
		{3D78F11B-A59B-4DF3-AF69-2EB61F05168F}.Release|x86.Build.0 = Release|Any CPU
	EndGlobalSection
	GlobalSection(SolutionProperties) = preSolution
		HideSolutionNode = FALSE
	EndGlobalSection
	GlobalSection(ExtensibilityGlobals) = postSolution
		SolutionGuid = {61F7FB11-1E47-470C-91E2-47F8143E1572}
	EndGlobalSection
EndGlobal
