
Microsoft Visual Studio Solution File, Format Version 12.00
# Visual Studio Version 17
VisualStudioVersion = 17.9.34616.47
MinimumVisualStudioVersion = 10.0.40219.1
Project("{FAE04EC0-301F-11D3-BF4B-00C04F79EFBC}") = "LIN.Allo.App", "LIN.Allo.App\LIN.Allo.App.csproj", "{D54CEF2B-8147-4B4A-8131-E754EF25BC95}"
EndProject
Project("{9A19103F-16F7-4668-BE54-9A1E7A4F7556}") = "LIN.Types", "..\..\Tipos\LIN.Types\LIN.Types.csproj", "{05C4E88F-FADA-442F-85D7-248E6C9B759E}"
EndProject
Project("{9A19103F-16F7-4668-BE54-9A1E7A4F7556}") = "LIN.Types.Communication", "..\..\Tipos\LIN.Types.Communication\LIN.Types.Communication.csproj", "{D7C5EC77-60B8-4E34-91C7-BE16DE804956}"
EndProject
Project("{9A19103F-16F7-4668-BE54-9A1E7A4F7556}") = "LIN.Access.Auth", "..\..\AccesoAPI\LIN.Access.Auth\LIN.Access.Auth.csproj", "{1583CA18-7ECF-4767-9931-7411DA9F2D61}"
EndProject
Project("{9A19103F-16F7-4668-BE54-9A1E7A4F7556}") = "LIN.Access.Communication", "..\..\AccesoAPI\LIN.Access.Communication\LIN.Access.Communication.csproj", "{8BEAE9D0-6EE7-4C44-8CE9-110FAC1ACBBD}"
EndProject
Project("{9A19103F-16F7-4668-BE54-9A1E7A4F7556}") = "LIN.Types.Cloud.Identity", "..\..\Tipos\LIN.Types.Cloud.Identity\LIN.Types.Cloud.Identity.csproj", "{3C242B88-E4A2-4F9D-980C-4224F54DA49B}"
EndProject
Project("{9A19103F-16F7-4668-BE54-9A1E7A4F7556}") = "LIN.LocalDataBase", "..\LIN\LIN.LocalDataBase\LIN.LocalDataBase.csproj", "{7EC34764-39EC-4BE4-B522-D8F11C00A4E5}"
EndProject
Project("{9A19103F-16F7-4668-BE54-9A1E7A4F7556}") = "SILF.Script", "..\..\..\SILF\SILF\SILF.Script\SILF.Script.csproj", "{688ADD93-68DB-4DF4-AED6-53D9F8FB3B9F}"
EndProject
Project("{9A19103F-16F7-4668-BE54-9A1E7A4F7556}") = "LIN.Access", "..\..\AccesoAPI\LIN.Access\LIN.Access\LIN.Access.csproj", "{51C62FA7-6B03-4CD9-AA0F-59456272F26E}"
EndProject
Global
	GlobalSection(SolutionConfigurationPlatforms) = preSolution
		Debug|Any CPU = Debug|Any CPU
		Release|Any CPU = Release|Any CPU
	EndGlobalSection
	GlobalSection(ProjectConfigurationPlatforms) = postSolution
		{D54CEF2B-8147-4B4A-8131-E754EF25BC95}.Debug|Any CPU.ActiveCfg = Debug|Any CPU
		{D54CEF2B-8147-4B4A-8131-E754EF25BC95}.Debug|Any CPU.Build.0 = Debug|Any CPU
		{D54CEF2B-8147-4B4A-8131-E754EF25BC95}.Debug|Any CPU.Deploy.0 = Debug|Any CPU
		{D54CEF2B-8147-4B4A-8131-E754EF25BC95}.Release|Any CPU.ActiveCfg = Release|Any CPU
		{D54CEF2B-8147-4B4A-8131-E754EF25BC95}.Release|Any CPU.Build.0 = Release|Any CPU
		{D54CEF2B-8147-4B4A-8131-E754EF25BC95}.Release|Any CPU.Deploy.0 = Release|Any CPU
		{05C4E88F-FADA-442F-85D7-248E6C9B759E}.Debug|Any CPU.ActiveCfg = Debug|Any CPU
		{05C4E88F-FADA-442F-85D7-248E6C9B759E}.Debug|Any CPU.Build.0 = Debug|Any CPU
		{05C4E88F-FADA-442F-85D7-248E6C9B759E}.Release|Any CPU.ActiveCfg = Release|Any CPU
		{05C4E88F-FADA-442F-85D7-248E6C9B759E}.Release|Any CPU.Build.0 = Release|Any CPU
		{D7C5EC77-60B8-4E34-91C7-BE16DE804956}.Debug|Any CPU.ActiveCfg = Debug|Any CPU
		{D7C5EC77-60B8-4E34-91C7-BE16DE804956}.Debug|Any CPU.Build.0 = Debug|Any CPU
		{D7C5EC77-60B8-4E34-91C7-BE16DE804956}.Release|Any CPU.ActiveCfg = Release|Any CPU
		{D7C5EC77-60B8-4E34-91C7-BE16DE804956}.Release|Any CPU.Build.0 = Release|Any CPU
		{1583CA18-7ECF-4767-9931-7411DA9F2D61}.Debug|Any CPU.ActiveCfg = Debug|Any CPU
		{1583CA18-7ECF-4767-9931-7411DA9F2D61}.Debug|Any CPU.Build.0 = Debug|Any CPU
		{1583CA18-7ECF-4767-9931-7411DA9F2D61}.Release|Any CPU.ActiveCfg = Release|Any CPU
		{1583CA18-7ECF-4767-9931-7411DA9F2D61}.Release|Any CPU.Build.0 = Release|Any CPU
		{8BEAE9D0-6EE7-4C44-8CE9-110FAC1ACBBD}.Debug|Any CPU.ActiveCfg = Debug|Any CPU
		{8BEAE9D0-6EE7-4C44-8CE9-110FAC1ACBBD}.Debug|Any CPU.Build.0 = Debug|Any CPU
		{8BEAE9D0-6EE7-4C44-8CE9-110FAC1ACBBD}.Release|Any CPU.ActiveCfg = Release|Any CPU
		{8BEAE9D0-6EE7-4C44-8CE9-110FAC1ACBBD}.Release|Any CPU.Build.0 = Release|Any CPU
		{3C242B88-E4A2-4F9D-980C-4224F54DA49B}.Debug|Any CPU.ActiveCfg = Debug|Any CPU
		{3C242B88-E4A2-4F9D-980C-4224F54DA49B}.Debug|Any CPU.Build.0 = Debug|Any CPU
		{3C242B88-E4A2-4F9D-980C-4224F54DA49B}.Release|Any CPU.ActiveCfg = Release|Any CPU
		{3C242B88-E4A2-4F9D-980C-4224F54DA49B}.Release|Any CPU.Build.0 = Release|Any CPU
		{7EC34764-39EC-4BE4-B522-D8F11C00A4E5}.Debug|Any CPU.ActiveCfg = Debug|Any CPU
		{7EC34764-39EC-4BE4-B522-D8F11C00A4E5}.Debug|Any CPU.Build.0 = Debug|Any CPU
		{7EC34764-39EC-4BE4-B522-D8F11C00A4E5}.Release|Any CPU.ActiveCfg = Release|Any CPU
		{7EC34764-39EC-4BE4-B522-D8F11C00A4E5}.Release|Any CPU.Build.0 = Release|Any CPU
		{688ADD93-68DB-4DF4-AED6-53D9F8FB3B9F}.Debug|Any CPU.ActiveCfg = Debug|Any CPU
		{688ADD93-68DB-4DF4-AED6-53D9F8FB3B9F}.Debug|Any CPU.Build.0 = Debug|Any CPU
		{688ADD93-68DB-4DF4-AED6-53D9F8FB3B9F}.Release|Any CPU.ActiveCfg = Release|Any CPU
		{688ADD93-68DB-4DF4-AED6-53D9F8FB3B9F}.Release|Any CPU.Build.0 = Release|Any CPU
		{51C62FA7-6B03-4CD9-AA0F-59456272F26E}.Debug|Any CPU.ActiveCfg = Debug|Any CPU
		{51C62FA7-6B03-4CD9-AA0F-59456272F26E}.Debug|Any CPU.Build.0 = Debug|Any CPU
		{51C62FA7-6B03-4CD9-AA0F-59456272F26E}.Release|Any CPU.ActiveCfg = Release|Any CPU
		{51C62FA7-6B03-4CD9-AA0F-59456272F26E}.Release|Any CPU.Build.0 = Release|Any CPU
	EndGlobalSection
	GlobalSection(SolutionProperties) = preSolution
		HideSolutionNode = FALSE
	EndGlobalSection
	GlobalSection(ExtensibilityGlobals) = postSolution
		SolutionGuid = {28939170-F5E0-4B29-B81C-55C28F4C26C6}
	EndGlobalSection
EndGlobal
