
Microsoft Visual Studio Solution File, Format Version 12.00
# Visual Studio Version 17
VisualStudioVersion = 17.9.34616.47
MinimumVisualStudioVersion = 10.0.40219.1
Project("{9A19103F-16F7-4668-BE54-9A1E7A4F7556}") = "LIN.Access.Auth", "..\..\AccesoAPI\LIN.Access.Auth\LIN.Access.Auth.csproj", "{1583CA18-7ECF-4767-9931-7411DA9F2D61}"
EndProject
Project("{9A19103F-16F7-4668-BE54-9A1E7A4F7556}") = "LIN.Access.Communication", "..\..\AccesoAPI\LIN.Access.Communication\LIN.Access.Communication.csproj", "{8BEAE9D0-6EE7-4C44-8CE9-110FAC1ACBBD}"
EndProject
Project("{9A19103F-16F7-4668-BE54-9A1E7A4F7556}") = "LIN.LocalDataBase", "..\LIN\LIN.LocalDataBase\LIN.LocalDataBase.csproj", "{7EC34764-39EC-4BE4-B522-D8F11C00A4E5}"
EndProject
Project("{9A19103F-16F7-4668-BE54-9A1E7A4F7556}") = "LIN.Access.Search", "..\..\AccesoAPI\LIN.Access.Search\LIN.Access.Search.csproj", "{AC059D71-EAEF-4288-93B1-2293E05B16AF}"
EndProject
Project("{9A19103F-16F7-4668-BE54-9A1E7A4F7556}") = "LIN.Emma.UI", "..\..\Components\LIN.Emma.UI\LIN.Emma.UI\LIN.Emma.UI.csproj", "{E6A89A98-7163-4D2A-B981-670735C8D3C3}"
EndProject
Project("{9A19103F-16F7-4668-BE54-9A1E7A4F7556}") = "LIN.Allo.Shared", "..\..\Components\LIN.Allo.Shared\LIN.Allo.Shared\LIN.Allo.Shared.csproj", "{DE94E42A-5832-46AD-B5A8-9678A10DE395}"
EndProject
Project("{9A19103F-16F7-4668-BE54-9A1E7A4F7556}") = "LIN.Allo.App", "LIN.Allo.App\LIN.Allo.App.csproj", "{013641D5-2710-4F4E-A106-2A2A979216BC}"
EndProject
Global
	GlobalSection(SolutionConfigurationPlatforms) = preSolution
		Debug|Any CPU = Debug|Any CPU
		Release|Any CPU = Release|Any CPU
	EndGlobalSection
	GlobalSection(ProjectConfigurationPlatforms) = postSolution
		{1583CA18-7ECF-4767-9931-7411DA9F2D61}.Debug|Any CPU.ActiveCfg = Debug|Any CPU
		{1583CA18-7ECF-4767-9931-7411DA9F2D61}.Debug|Any CPU.Build.0 = Debug|Any CPU
		{1583CA18-7ECF-4767-9931-7411DA9F2D61}.Release|Any CPU.ActiveCfg = Release|Any CPU
		{1583CA18-7ECF-4767-9931-7411DA9F2D61}.Release|Any CPU.Build.0 = Release|Any CPU
		{8BEAE9D0-6EE7-4C44-8CE9-110FAC1ACBBD}.Debug|Any CPU.ActiveCfg = Debug|Any CPU
		{8BEAE9D0-6EE7-4C44-8CE9-110FAC1ACBBD}.Debug|Any CPU.Build.0 = Debug|Any CPU
		{8BEAE9D0-6EE7-4C44-8CE9-110FAC1ACBBD}.Release|Any CPU.ActiveCfg = Release|Any CPU
		{8BEAE9D0-6EE7-4C44-8CE9-110FAC1ACBBD}.Release|Any CPU.Build.0 = Release|Any CPU
		{7EC34764-39EC-4BE4-B522-D8F11C00A4E5}.Debug|Any CPU.ActiveCfg = Debug|Any CPU
		{7EC34764-39EC-4BE4-B522-D8F11C00A4E5}.Debug|Any CPU.Build.0 = Debug|Any CPU
		{7EC34764-39EC-4BE4-B522-D8F11C00A4E5}.Release|Any CPU.ActiveCfg = Release|Any CPU
		{7EC34764-39EC-4BE4-B522-D8F11C00A4E5}.Release|Any CPU.Build.0 = Release|Any CPU
		{AC059D71-EAEF-4288-93B1-2293E05B16AF}.Debug|Any CPU.ActiveCfg = Debug|Any CPU
		{AC059D71-EAEF-4288-93B1-2293E05B16AF}.Debug|Any CPU.Build.0 = Debug|Any CPU
		{AC059D71-EAEF-4288-93B1-2293E05B16AF}.Release|Any CPU.ActiveCfg = Release|Any CPU
		{AC059D71-EAEF-4288-93B1-2293E05B16AF}.Release|Any CPU.Build.0 = Release|Any CPU
		{E6A89A98-7163-4D2A-B981-670735C8D3C3}.Debug|Any CPU.ActiveCfg = Debug|Any CPU
		{E6A89A98-7163-4D2A-B981-670735C8D3C3}.Debug|Any CPU.Build.0 = Debug|Any CPU
		{E6A89A98-7163-4D2A-B981-670735C8D3C3}.Release|Any CPU.ActiveCfg = Release|Any CPU
		{E6A89A98-7163-4D2A-B981-670735C8D3C3}.Release|Any CPU.Build.0 = Release|Any CPU
		{DE94E42A-5832-46AD-B5A8-9678A10DE395}.Debug|Any CPU.ActiveCfg = Debug|Any CPU
		{DE94E42A-5832-46AD-B5A8-9678A10DE395}.Debug|Any CPU.Build.0 = Debug|Any CPU
		{DE94E42A-5832-46AD-B5A8-9678A10DE395}.Release|Any CPU.ActiveCfg = Release|Any CPU
		{DE94E42A-5832-46AD-B5A8-9678A10DE395}.Release|Any CPU.Build.0 = Release|Any CPU
		{013641D5-2710-4F4E-A106-2A2A979216BC}.Debug|Any CPU.ActiveCfg = Debug|Any CPU
		{013641D5-2710-4F4E-A106-2A2A979216BC}.Debug|Any CPU.Build.0 = Debug|Any CPU
		{013641D5-2710-4F4E-A106-2A2A979216BC}.Debug|Any CPU.Deploy.0 = Debug|Any CPU
		{013641D5-2710-4F4E-A106-2A2A979216BC}.Release|Any CPU.ActiveCfg = Release|Any CPU
		{013641D5-2710-4F4E-A106-2A2A979216BC}.Release|Any CPU.Build.0 = Release|Any CPU
		{013641D5-2710-4F4E-A106-2A2A979216BC}.Release|Any CPU.Deploy.0 = Release|Any CPU
	EndGlobalSection
	GlobalSection(SolutionProperties) = preSolution
		HideSolutionNode = FALSE
	EndGlobalSection
	GlobalSection(ExtensibilityGlobals) = postSolution
		SolutionGuid = {28939170-F5E0-4B29-B81C-55C28F4C26C6}
	EndGlobalSection
EndGlobal
